{
  "name": "switch-env",
  "version": "1.0.0",
  "lockfileVersion": 1,
  "requires": true,
  "dependencies": {
    "@types/commander": {
      "version": "2.9.2",
      "resolved": "https://registry.npmjs.org/@types/commander/-/commander-2.9.2.tgz",
      "integrity": "sha512-afS8cM8lIsjJjC9Cc40fa8pKUtRXrKTok3Ft/CUzxh/IF4N9zpoAfSr7HqLQwKZ2r7GvhmaogaiYGuhlrf2uhw==",
      "requires": {
        "@types/node": "7.0.43"
      },
      "dependencies": {
        "@types/node": {
          "version": "7.0.43",
          "resolved": "https://registry.npmjs.org/@types/node/-/node-7.0.43.tgz",
          "integrity": "sha512-7scYwwfHNppXvH/9JzakbVxk0o0QUILVk1Lv64GRaxwPuGpnF1QBiwdvhDpLcymb8BpomQL3KYoWKq3wUdDMhQ=="
        }
      }
    },
    "@types/node": {
      "version": "20.3.3",
      "resolved": "https://registry.npmjs.org/@types/node/-/node-20.3.3.tgz",
      "integrity": "sha512-wheIYdr4NYML61AjC8MKj/2jrR/kDQri/CIpVoZwldwhnIrD/j9jIU5bJ8yBKuB2VhpFV7Ab6G2XkBjv9r9Zzw=="
    },
    "commander": {
      "version": "2.11.0",
      "resolved": "https://registry.npmjs.org/commander/-/commander-2.11.0.tgz",
      "integrity": "sha512-b0553uYA5YAEGgyYIGYROzKQ7X5RAqedkfjiZxwi0kL1g3bOaBNNZfYkzt/CL0umgD5wc9Jec2FbB98CjkMRvQ=="
    },
    "typescript": {
      "version": "2.5.2",
      "resolved": "https://registry.npmjs.org/typescript/-/typescript-2.5.2.tgz",
      "integrity": "sha1-A4qV99m7tCCxvzW6MdTFwd0//jQ=",
      "dev": true
    }
  }
}
